lockfileVersion: '9.0'

settings:
  autoInstallPeers: true
  excludeLinksFromLockfile: false

importers:

  .: {}

  dsh-code-card-fonts:
    devDependencies:
      esbuild:
        specifier: ^0.28.2
        version: 0.28.2
      typescript:
        specifier: ^5.9.3
        version: 5.9.3

  dsh-desktop-notify:
    devDependencies:
      esbuild:
        specifier: ^0.28.2
        version: 0.28.2
      typescript:
        specifier: ^5.9.3
        version: 5.9.3

  dsh-directory-picker-browse: {}

  dsh-fullwidth-chat: {}

  dsh-git-guard:
    devDependencies:
      '@deepseek-ai/cordis':
        specifier: ^4.0.2
        version: 4.0.4
      '@types/node':
        specifier: ^24.0.0
        version: 24.13.6
      typescript:
        specifier: ^5.8.0
        version: 5.9.3

  dsh-header-action-order:
    devDependencies:
      esbuild:
        specifier: ^0.28.2
        version: 0.28.2
      typescript:
        specifier: ^5.9.3
        version: 5.9.3

  dsh-kbd-hotkeys:
    devDependencies:
      esbuild:
        specifier: ^0.28.2
        version: 0.28.2
      typescript:
        specifier: ^5.9.3
        version: 5.9.3

  dsh-rightbar-diff-split:
    devDependencies:
      esbuild:
        specifier: ^0.28.2
        version: 0.28.2
      typescript:
        specifier: ^5.9.3
        version: 5.9.3

  dsh-rightbar-fonts:
    devDependencies:
      esbuild:
        specifier: ^0.28.2
        version: 0.28.2
      typescript:
        specifier: ^5.9.3
        version: 5.9.3

  dsh-rightbar-tab-width:
    devDependencies:
      esbuild:
        specifier: ^0.28.2
        version: 0.28.2
      typescript:
        specifier: ^5.9.3
        version: 5.9.3

  dsh-sidebar-default-collapsed:
    devDependencies:
      esbuild:
        specifier: ^0.28.2
        version: 0.28.2
      typescript:
        specifier: ^5.9.3
        version: 5.9.3

  example/normal-plugin:
    devDependencies:
      '@deepseek-ai/cordis':
        specifier: ^4.0.4
        version: 4.0.4
      '@deepseek-ai/dsh-tools':
        specifier: ^0.1.7-rc.1
        version: 0.1.7-rc.1(dae9eabdad9902ec5c21f9d0127e5d84)
      '@types/node':
        specifier: ^24.0.0
        version: 24.13.6
      typescript:
        specifier: ^5.8.0
        version: 5.9.3

  example/service-plugin:
    devDependencies:
      '@deepseek-ai/cordis':
        specifier: ^4.0.4
        version: 4.0.4
      '@types/node':
        specifier: ^24.0.0
        version: 24.13.6
      typescript:
        specifier: ^5.8.0
        version: 5.9.3

packages:

  '@deepseek-ai/cordis@4.0.4':
    resolution: {integrity: sha512-obgyxqWAmFn3Re8kvsuUnyW+ihrz6eJCnJO4fh1cQzDtmPYz/zzVeUkH9R94I0OwSVOocK67Kgakm04j/oQXzg==}
    hasBin: true
    peerDependencies:
      '@deepseek-ai/cordis-plugin-include': ~1.0.9
      '@deepseek-ai/cordis-plugin-loader': ~1.0.5
    peerDependenciesMeta:
      '@deepseek-ai/cordis-plugin-include':
        optional: true
      '@deepseek-ai/cordis-plugin-loader':
        optional: true

  '@deepseek-ai/cosmokit@1.8.5':
    resolution: {integrity: sha512-LXsrlem9z8dq4sLflj2yuCuYX7KqhdzF5hZly3eZyuTo8d6oDSOXuEgC5DbQWKW+lksm6zmOutQLsP/ma6wR6A==}

  '@deepseek-ai/dsh-agent@0.1.7-rc.1':
    resolution: {integrity: sha512-WJWJ76bFhiKOHr8mnUpNF29OO/R+t9LIONzSSHtBKypT3RMaWm/5pV8qvDyEKCtR7nLn/4q+eKfl30zKqRBKyg==}
    peerDependencies:
      '@deepseek-ai/cordis': ~4.0.4
      '@deepseek-ai/dsh-invariants': 0.1.7-rc.1
      '@deepseek-ai/dsh-llm': 0.1.7-rc.1
      '@deepseek-ai/dsh-scope': 0.1.7-rc.1
      '@deepseek-ai/dsh-session': 0.1.7-rc.1
      '@deepseek-ai/dsh-session-projection': 0.1.7-rc.1
      '@deepseek-ai/dsh-system-prompt': 0.1.7-rc.1
      '@deepseek-ai/dsh-typert-protocol': 0.1.7-rc.1
      '@deepseek-ai/dsh-util-values': 0.1.7-rc.1
      '@deepseek-ai/dsh-workspace': 0.1.7-rc.1
    peerDependenciesMeta:
      '@deepseek-ai/dsh-workspace':
        optional: true

  '@deepseek-ai/dsh-brand@0.1.7-rc.1':
    resolution: {integrity: sha512-KvfCuVAiosEyqb37LbGwi2Li90VZXcIDaqM+CxV9qNoyQmGezh8UjFkNQENieT2hPzfQ4CiADbA3vJeLpeQm/g==}
    peerDependencies:
      '@deepseek-ai/cordis': ~4.0.4

  '@deepseek-ai/dsh-invariants@0.1.7-rc.1':
    resolution: {integrity: sha512-YpV5n0THgTw98raUaqblDYNWxraX5A7oxOIHcr8w8eJyWE+XEJLePITeAwxZfwD+ElonZIvijZbk2twqFANNhg==}
    peerDependencies:
      '@deepseek-ai/cordis': ~4.0.4

  '@deepseek-ai/dsh-llm@0.1.7-rc.1':
    resolution: {integrity: sha512-anh5XNpkjIUdcx1blVX75FILXjl1qRPslHOaneUoBNGlm52gwbgM50qw4YH1gaFpMNLmg+l0TJnvUcgaIGPbzg==}
    peerDependencies:
      '@deepseek-ai/cordis': ~4.0.4

  '@deepseek-ai/dsh-ptc-runtime@0.1.7-rc.1':
    resolution: {integrity: sha512-cruE0DCQxAAxpF+fVv+BQ2zv2msuLxvt2PzbknjAtUyNw70AIWsRLtLKM1H996c5Ssnv/4IO4PgeDjgETVnnYA==}
    peerDependencies:
      '@deepseek-ai/cordis': ~4.0.4
      '@deepseek-ai/dsh-sandbox': 0.1.7-rc.1

  '@deepseek-ai/dsh-sandbox-policy@0.1.7-rc.1':
    resolution: {integrity: sha512-5ekFcbhBnXnJvHPgWkGP4GPDnag+CmMQ0eIlVfKm8wtamEgbFl+vvO3piNicUNwIbvJDLAxG5CGCs8h3K3izdQ==}
    peerDependencies:
      '@deepseek-ai/cordis': ~4.0.4
      '@deepseek-ai/dsh-agent': 0.1.7-rc.1
      '@deepseek-ai/dsh-invariants': 0.1.7-rc.1
      '@deepseek-ai/dsh-sandbox': 0.1.7-rc.1
      '@deepseek-ai/dsh-session': 0.1.7-rc.1
      '@deepseek-ai/dsh-session-projection': 0.1.7-rc.1
      '@deepseek-ai/dsh-system-prompt': 0.1.7-rc.1

  '@deepseek-ai/dsh-sandbox@0.1.7-rc.1':
    resolution: {integrity: sha512-Y8G3tMkBipVJ29wQzYy3YS79FG85SX8s2TYUjSZNYg0TwixYUPvaW1EhL25keaQZkQ8KAVaEiY+kN3tcbFHxHQ==}
    peerDependencies:
      '@deepseek-ai/cordis': ~4.0.4
      '@deepseek-ai/dsh-llm': 0.1.7-rc.1
      '@deepseek-ai/dsh-session': 0.1.7-rc.1

  '@deepseek-ai/dsh-scope@0.1.7-rc.1':
    resolution: {integrity: sha512-douIAb+JNUHa6NoLvrgxY3f04NYfR6ZWcdmRnng5KTu+dbR/RrQLsxcG5unOJod1bn6aHQI3PLQ+FOP0zPaZTg==}
    peerDependencies:
      '@deepseek-ai/cordis': ~4.0.4
      '@deepseek-ai/dsh-invariants': 0.1.7-rc.1

  '@deepseek-ai/dsh-session-projection@0.1.7-rc.1':
    resolution: {integrity: sha512-coCPF42lB1L245OqYvkhypB1cfwLINOm59GWQKmPe5bv5MxUyHSuJS9qdnTkl+y4wR/Bg+ZxgTOaPHrdAZztiw==}
    peerDependencies:
      '@deepseek-ai/cordis': ~4.0.4
      '@deepseek-ai/dsh-session': 0.1.7-rc.1

  '@deepseek-ai/dsh-session@0.1.7-rc.1':
    resolution: {integrity: sha512-5R3g4UQ7KoezqHJ9LxqMgaGZWw0R3zZCypPm4R5dPxSB8xHCQvjfgaCrHYdPBT63B4coxollWupjyQTOdiWSKQ==}
    peerDependencies:
      '@deepseek-ai/cordis': ~4.0.4
      '@deepseek-ai/dsh-scope': 0.1.7-rc.1

  '@deepseek-ai/dsh-system-prompt@0.1.7-rc.1':
    resolution: {integrity: sha512-QnN3WEYeLQOJJRPz3zhLO4lDTa+8rKKhPluAXA0ZDeP1FgBFhDuMw+A2/Utf7X56gU1WveL5O/cuB0ZBd/8SRw==}
    peerDependencies:
      '@deepseek-ai/cordis': ~4.0.4
      '@deepseek-ai/dsh-invariants': 0.1.7-rc.1
      '@deepseek-ai/dsh-llm': 0.1.7-rc.1
      '@deepseek-ai/dsh-scope': 0.1.7-rc.1

  '@deepseek-ai/dsh-timeout@0.1.7-rc.1':
    resolution: {integrity: sha512-gIwkv++KmjsVoaAiI4p42YbJKR65Lh/mfTfrjOpB+mon79R4EUaPytamsWf0zw0Bt5zQ6qeIfCif1xeFHjdGJw==}
    peerDependencies:
      '@deepseek-ai/cordis': ~4.0.4

  '@deepseek-ai/dsh-tools@0.1.7-rc.1':
    resolution: {integrity: sha512-7PoWPf0VTcpK/RY8w78gUhLCmTfgCGGsbbi1hrR0JMMiKI4wAhpVEDO8u9lht5uCLm5wfQ+DP+rKl7LdwT4HrA==}
    peerDependencies:
      '@deepseek-ai/cordis': ~4.0.4
      '@deepseek-ai/dsh-agent': 0.1.7-rc.1
      '@deepseek-ai/dsh-invariants': 0.1.7-rc.1
      '@deepseek-ai/dsh-llm': 0.1.7-rc.1
      '@deepseek-ai/dsh-ptc-runtime': 0.1.7-rc.1
      '@deepseek-ai/dsh-sandbox': 0.1.7-rc.1
      '@deepseek-ai/dsh-sandbox-policy': 0.1.7-rc.1
      '@deepseek-ai/dsh-scope': 0.1.7-rc.1
      '@deepseek-ai/dsh-session': 0.1.7-rc.1
      '@deepseek-ai/dsh-system-prompt': 0.1.7-rc.1
      '@deepseek-ai/dsh-user-approval': 0.1.7-rc.1

  '@deepseek-ai/dsh-typert-protocol@0.1.7-rc.1':
    resolution: {integrity: sha512-DOJiFdvHl1RoJHO7C6XymZUqVZwZiF7JL1PS+AEtQWg6nsYXvlkF1VLbwzPxMW470RzzimGLCz7boOxx086dLA==}
    peerDependencies:
      '@deepseek-ai/cordis': ~4.0.4

  '@deepseek-ai/dsh-user-approval@0.1.7-rc.1':
    resolution: {integrity: sha512-+L+G/n9m+2GoPeeXbqAqNJbgALJOSGKldw5GBzVfcowRzIAhq154aSFx++YfqwgBAlgl06jNOQ4AbX484j3+YQ==}
    peerDependencies:
      '@deepseek-ai/cordis': ~4.0.4
      '@deepseek-ai/dsh-agent': 0.1.7-rc.1
      '@deepseek-ai/dsh-brand': 0.1.7-rc.1
      '@deepseek-ai/dsh-invariants': 0.1.7-rc.1
      '@deepseek-ai/dsh-llm': 0.1.7-rc.1
      '@deepseek-ai/dsh-scope': 0.1.7-rc.1
      '@deepseek-ai/dsh-session': 0.1.7-rc.1
      '@deepseek-ai/dsh-system-prompt': 0.1.7-rc.1

  '@deepseek-ai/dsh-util-crypto@0.1.7-rc.1':
    resolution: {integrity: sha512-jzJFXwDMAQQQcticHErnVEcINCq9P9XSHgZ7VHE4xv6huqXLiRnLN1KWDD96s/vKf9lfrXF3HJr/xNZxyvbcIg==}
    peerDependencies:
      '@deepseek-ai/cordis': ~4.0.4

  '@deepseek-ai/dsh-util-values@0.1.7-rc.1':
    resolution: {integrity: sha512-PYSCI/0VxMQS8igLUrSZASuijiTwiCCfgYGn5K7pSLvs0fZn8ccX0NWYFzorPGQH3tYSFpWSHLNQeGgj14ZwDw==}
    peerDependencies:
      '@deepseek-ai/cordis': ~4.0.4

  '@deepseek-ai/schemastery@3.18.4':
    resolution: {integrity: sha512-SSXO6tYuyrIqKVbmOnIq0s+riUywYzouFMcnBluHF9n4KMo2G8HvEzhCYj6pj2617/glOjbJuVInJ9hfONsjkg==}

  '@esbuild/aix-ppc64@0.28.2':
    resolution: {integrity: sha512-XExcO+dvLKvVtNTibSTBej1NCAbaGhWn9Ww1ZPx80qsahhPFe/8jgWP0IchNe0F3HwkU7n8ejhH8bjonqht8mQ==}
    engines: {node: '>=18'}
    cpu: [ppc64]
    os: [aix]

  '@esbuild/android-arm64@0.28.2':
    resolution: {integrity: sha512-5YfKeeI8qWfBZIX+u2xZC3Zlb3Os/gLS2sbEKM+I4ZOcsWmHS2WLysCcQZDAFRslDUU5Oiq44gf6PYN1vGwG5A==}
    engines: {node: '>=18'}
    cpu: [arm64]
    os: [android]

  '@esbuild/android-arm@0.28.2':
    resolution: {integrity: sha512-kXXoiPVVGQcnIYGOeaovwOURpniDBpSq4A03qkQ+BMQqtGG6HYap3xne9C1O1yo4TR3qxlCX5IqqmX6fFo2Lqg==}
    engines: {node: '>=18'}
    cpu: [arm]
    os: [android]

  '@esbuild/android-x64@0.28.2':
    resolution: {integrity: sha512-O387ite7SzUyCcy3JQX4P4bLtEA7bLLkx+esve5JHnyYfNTxcVpXZo9jhdB0lTKN44gztELTdU7nS8Nr16Fs1Q==}
    engines: {node: '>=18'}
    cpu: [x64]
    os: [android]

  '@esbuild/darwin-arm64@0.28.2':
    resolution: {integrity: sha512-n4KqkOQrraxHJcgjM1RvwbigfQKIKJVpM7xp+KsxiyUSrRdIXnt73VhrPAx0fV44hgfmIVKjxMN9J1t5jySVkw==}
    engines: {node: '>=18'}
    cpu: [arm64]
    os: [darwin]

  '@esbuild/darwin-x64@0.28.2':
    resolution: {integrity: sha512-uq6suIWYP37qzGddBKPw5QEQPi6HiLGsO7UmkpfyaYNQ3D+rN6w6WfwH+nuqcGXWvawGwxOEroO4YGnFh95azw==}
    engines: {node: '>=18'}
    cpu: [x64]
    os: [darwin]

  '@esbuild/freebsd-arm64@0.28.2':
    resolution: {integrity: sha512-n+I0BTSRIoy+d6RPKnEVwql5UwBJolytvY4mAOIEJorKlqgPII8ix6slVVrfZ5Tnj7glIZvloylbB/EJPMWEXw==}
    engines: {node: '>=18'}
    cpu: [arm64]
    os: [freebsd]

  '@esbuild/freebsd-x64@0.28.2':
    resolution: {integrity: sha512-78XJTJkvPs0kz2w61301PJjXl4g7q3JqiYMZ/M/yVI73EHBrCRTgkhu9oqG7vPqq+a/yadEW8aD+agKlk5xrmg==}
    engines: {node: '>=18'}
    cpu: [x64]
    os: [freebsd]

  '@esbuild/linux-arm64@0.28.2':
    resolution: {integrity: sha512-pW4AC0P3it8c7do9MVM4p51FzHzdM/TZrerurgRcHJ2WTa1VQ1CIq18xncfpBJw4ojkiZZrKW2yIBWBP92j6Ug==}
    engines: {node: '>=18'}
    cpu: [arm64]
    os: [linux]

  '@esbuild/linux-arm@0.28.2':
    resolution: {integrity: sha512-XlDnu2q5yoqems+xay6wSAcg9DDD7K9RLKZEBOMZm3ckNpJBvOX20tSfby8KfrrhINDyv9V2YVZKY/SpoGJI8w==}
    engines: {node: '>=18'}
    cpu: [arm]
    os: [linux]

  '@esbuild/linux-ia32@0.28.2':
    resolution: {integrity: sha512-CYbnj78HsIeA+DhgUKgFCfvNsTHFhMMrinUrMZpDXJXKN8T3XViTZ/+wtHeVxEWY8ewSzTFN+nRmSwO2tZaLUQ==}
    engines: {node: '>=18'}
    cpu: [ia32]
    os: [linux]

  '@esbuild/linux-loong64@0.28.2':
    resolution: {integrity: sha512-buwkd8nsph4R+ajRvw0qM5Hja/TXQow3ptzWO2EbG/cqcIkHloRrdlBtQlshyYGTNFvfkfJ5tpPLVkY4DtsPfQ==}
    engines: {node: '>=18'}
    cpu: [loong64]
    os: [linux]

  '@esbuild/linux-mips64el@0.28.2':
    resolution: {integrity: sha512-ZVykbDyk7519VwiNb9Lcj9m8XM6v5V9uKPvrEMkkEedVewf+0itkhahp4HDpgERXhwLRpWFypsGbG/J8s0QjJA==}
    engines: {node: '>=18'}
    cpu: [mips64el]
    os: [linux]

  '@esbuild/linux-ppc64@0.28.2':
    resolution: {integrity: sha512-CAXl+Dtd9UUuJd8pKKdwh6MLm3MUMiqMPmhZ3tTSXPqfyQ3vDl6R5hZdZ/kYojK4ofXtdfSv1tFq8XzWx3heNQ==}
    engines: {node: '>=18'}
    cpu: [ppc64]
    os: [linux]

  '@esbuild/linux-riscv64@0.28.2':
    resolution: {integrity: sha512-GeXCej4IQtU1B+QlDV8W/RRvbzI3O/Stss+/bCXv4lZls5WGRtu2a+3JkA3i4qIUlMXpcHebWpF8AkJhATowuA==}
    engines: {node: '>=18'}
    cpu: [riscv64]
    os: [linux]

  '@esbuild/linux-s390x@0.28.2':
    resolution: {integrity: sha512-3H1weTYZPxt/WOhByszQZybS9w5lKzUn1FDMsgEChbHWQwHYQQRfBxgCcZvPhjHfKyJjIievvMmEUawJrdY9Dg==}
    engines: {node: '>=18'}
    cpu: [s390x]
    os: [linux]

  '@esbuild/linux-x64@0.28.2':
    resolution: {integrity: sha512-4xTZr1FUmSoQW4XIWmit3tzQrUTZM+N3P0XV8xROKYF50XfI7xeO90+1bZvNwxIufQ9hDQVRJH5YhgPVF8A/HQ==}
    engines: {node: '>=18'}
    cpu: [x64]
    os: [linux]

  '@esbuild/netbsd-arm64@0.28.2':
    resolution: {integrity: sha512-sSATRjPeDBg3pdgHoQfoYBob11Kk1FGa9lui5RIHZCoCkJa9QKlvl3/vKz2usCmYYjs7ymJR/2Nnsqe+Hjt5nw==}
    engines: {node: '>=18'}
    cpu: [arm64]
    os: [netbsd]

  '@esbuild/netbsd-x64@0.28.2':
    resolution: {integrity: sha512-lqnzCV+mM0gIADaKihiCg6ifgfU2L3h5E33rNQBN1Y4MaVGnzryzmvvf7UHxprpQdE8hpqLolJ9Rl+SkIRDpyw==}
    engines: {node: '>=18'}
    cpu: [x64]
    os: [netbsd]

  '@esbuild/openbsd-arm64@0.28.2':
    resolution: {integrity: sha512-AL2qJILH7lNjrDmCQDvdxMfAUIv8KMNZOvrwAQ8i8//ntL9FflhOyMJ8OZSMBb8/AWXe3/5v5S20y3zCoZWKoQ==}
    engines: {node: '>=18'}
    cpu: [arm64]
    os: [openbsd]

  '@esbuild/openbsd-x64@0.28.2':
    resolution: {integrity: sha512-QtiuPytchRyC4rwUKhexJdQKvDuZ6hWloi3igqPQNUJCS1/v9EiO3UTOXR6A3FoMo4fnAKbWJdqaIwhOzh8qEw==}
    engines: {node: '>=18'}
    cpu: [x64]
    os: [openbsd]

  '@esbuild/openharmony-arm64@0.28.2':
    resolution: {integrity: sha512-WkhYDmpTjLvGlScA1rwjRUmhl4k8oXR3cIbtqWmELgU/dFeHHlEllxDvdWcNJV9rbzCexB5vz8gtNewWLgCT7Q==}
    engines: {node: '>=18'}
    cpu: [arm64]
    os: [openharmony]

  '@esbuild/sunos-x64@0.28.2':
    resolution: {integrity: sha512-GPMSkTOtMnv2U2F8gxe4Io6qmVs+YKyp832Etqqxr0hFngmXQ3rzwytelm3GIn7T4VviRUlf3sOgBOiTdvaf7g==}
    engines: {node: '>=18'}
    cpu: [x64]
    os: [sunos]

  '@esbuild/win32-arm64@0.28.2':
    resolution: {integrity: sha512-PIhhEkE9uPBleRBrQEJpUn7MBnibZzbGzYWPmY3x+YoVg/95zbjB4CxPPOQ8l5tYYM4mMaCthF8/1DIfBQQyWQ==}
    engines: {node: '>=18'}
    cpu: [arm64]
    os: [win32]

  '@esbuild/win32-ia32@0.28.2':
    resolution: {integrity: sha512-YmJbfTlvU7Sdn9BB+4PRES4oB6pxgS37MAONj+hBr/cpXS1aBPKXxNnDbu+QCWPj0o9dgyxeq79g6c5P8KeuYA==}
    engines: {node: '>=18'}
    cpu: [ia32]
    os: [win32]

  '@esbuild/win32-x64@0.28.2':
    resolution: {integrity: sha512-5ebpxr3nWMzrL/rnUI755Jkuee0bHL/Gq0WTF9lvcpv73wAp5eu8MfBUgWK9bhWvZjj7yX8etf/8tI8Ney695g==}
    engines: {node: '>=18'}
    cpu: [x64]
    os: [win32]

  '@standard-schema/spec@1.1.0':
    resolution: {integrity: sha512-l2aFy5jALhniG5HgqrD6jXLi/rUWrKvqN/qJx6yoJsgKhblVd+iqqU4RCXavm/jPityDo5TCvKMnpjKnOriy0w==}

  '@types/node@24.13.6':
    resolution: {integrity: sha512-SGrw/h3KPFshy3OE6ZL53LMBG5vGQQ8/gIpiqz/kRZhPJ7HgwCEs8LBuNtWLa8dvGZVpSF7+Bf+c11HUrCb/yg==}

  esbuild@0.28.2:
    resolution: {integrity: sha512-HKVLS8dvII+xoKW9kmqxbRKrnWEXfJJr/FZhhJmiqIB0e053QNYFqOBouTMO/k5sID4MvCiUCvv8b9M4h32wIA==}
    engines: {node: '>=18'}
    hasBin: true

  typescript@5.9.3:
    resolution: {integrity: sha512-jl1vZzPDinLr9eUt3J/t7V6FgNEw9QjvBPdysz9KfQDD41fQrC2Y4vKQdiaUpFT4bXlb1RHhLpp8wtm6M5TgSw==}
    engines: {node: '>=14.17'}
    hasBin: true

  undici-types@7.18.2:
    resolution: {integrity: sha512-AsuCzffGHJybSaRrmr5eHr81mwJU3kjw6M+uprWvCXiNeN9SOGwQ3Jn8jb8m3Z6izVgknn1R0FTCEAP2QrLY/w==}

  zod@4.6.5:
    resolution: {integrity: sha512-v5l/aFXZQeai4awLbOpSoHecE9UiMrnfx75tEXLjNonXVARxQ5mOeipTjROUchszUNCqnE+hqAMujRsRHsut2Q==}

snapshots:

  '@deepseek-ai/cordis@4.0.4':
    dependencies:
      '@deepseek-ai/cosmokit': 1.8.5
      '@standard-schema/spec': 1.1.0

  '@deepseek-ai/cosmokit@1.8.5': {}

  '@deepseek-ai/dsh-agent@0.1.7-rc.1(3dea5cc656f6f2d6e1d95e557baaef12)':
    dependencies:
      '@deepseek-ai/cordis': 4.0.4
      '@deepseek-ai/dsh-invariants': 0.1.7-rc.1(@deepseek-ai/cordis@4.0.4)
      '@deepseek-ai/dsh-llm': 0.1.7-rc.1(@deepseek-ai/cordis@4.0.4)
      '@deepseek-ai/dsh-scope': 0.1.7-rc.1(@deepseek-ai/cordis@4.0.4)(@deepseek-ai/dsh-invariants@0.1.7-rc.1(@deepseek-ai/cordis@4.0.4))
      '@deepseek-ai/dsh-session': 0.1.7-rc.1(@deepseek-ai/cordis@4.0.4)(@deepseek-ai/dsh-scope@0.1.7-rc.1(@deepseek-ai/cordis@4.0.4)(@deepseek-ai/dsh-invariants@0.1.7-rc.1(@deepseek-ai/cordis@4.0.4)))
      '@deepseek-ai/dsh-session-projection': 0.1.7-rc.1(@deepseek-ai/cordis@4.0.4)(@deepseek-ai/dsh-session@0.1.7-rc.1(@deepseek-ai/cordis@4.0.4)(@deepseek-ai/dsh-scope@0.1.7-rc.1(@deepseek-ai/cordis@4.0.4)(@deepseek-ai/dsh-invariants@0.1.7-rc.1(@deepseek-ai/cordis@4.0.4))))
      '@deepseek-ai/dsh-system-prompt': 0.1.7-rc.1(@deepseek-ai/cordis@4.0.4)(@deepseek-ai/dsh-invariants@0.1.7-rc.1(@deepseek-ai/cordis@4.0.4))(@deepseek-ai/dsh-llm@0.1.7-rc.1(@deepseek-ai/cordis@4.0.4))(@deepseek-ai/dsh-scope@0.1.7-rc.1(@deepseek-ai/cordis@4.0.4)(@deepseek-ai/dsh-invariants@0.1.7-rc.1(@deepseek-ai/cordis@4.0.4)))
      '@deepseek-ai/dsh-typert-protocol': 0.1.7-rc.1(@deepseek-ai/cordis@4.0.4)
      '@deepseek-ai/dsh-util-values': 0.1.7-rc.1(@deepseek-ai/cordis@4.0.4)

  '@deepseek-ai/dsh-brand@0.1.7-rc.1(@deepseek-ai/cordis@4.0.4)':
    dependencies:
      '@deepseek-ai/cordis': 4.0.4

  '@deepseek-ai/dsh-invariants@0.1.7-rc.1(@deepseek-ai/cordis@4.0.4)':
    dependencies:
      '@deepseek-ai/cordis': 4.0.4
      '@deepseek-ai/schemastery': 3.18.4

  '@deepseek-ai/dsh-llm@0.1.7-rc.1(@deepseek-ai/cordis@4.0.4)':
    dependencies:
      '@deepseek-ai/cordis': 4.0.4
      '@deepseek-ai/dsh-brand': 0.1.7-rc.1(@deepseek-ai/cordis@4.0.4)
      '@deepseek-ai/dsh-timeout': 0.1.7-rc.1(@deepseek-ai/cordis@4.0.4)
      '@deepseek-ai/dsh-typert-protocol': 0.1.7-rc.1(@deepseek-ai/cordis@4.0.4)
      '@deepseek-ai/dsh-util-crypto': 0.1.7-rc.1(@deepseek-ai/cordis@4.0.4)
      '@deepseek-ai/dsh-util-values': 0.1.7-rc.1(@deepseek-ai/cordis@4.0.4)
      '@deepseek-ai/schemastery': 3.18.4
      zod: 4.6.5

  '@deepseek-ai/dsh-ptc-runtime@0.1.7-rc.1(@deepseek-ai/cordis@4.0.4)(@deepseek-ai/dsh-sandbox@0.1.7-rc.1(@deepseek-ai/cordis@4.0.4)(@deepseek-ai/dsh-llm@0.1.7-rc.1(@deepseek-ai/cordis@4.0.4))(@deepseek-ai/dsh-session@0.1.7-rc.1(@deepseek-ai/cordis@4.0.4)(@deepseek-ai/dsh-scope@0.1.7-rc.1(@deepseek-ai/cordis@4.0.4)(@deepseek-ai/dsh-invariants@0.1.7-rc.1(@deepseek-ai/cordis@4.0.4)))))':
    dependencies:
      '@deepseek-ai/cordis': 4.0.4
      '@deepseek-ai/dsh-sandbox': 0.1.7-rc.1(@deepseek-ai/cordis@4.0.4)(@deepseek-ai/dsh-llm@0.1.7-rc.1(@deepseek-ai/cordis@4.0.4))(@deepseek-ai/dsh-session@0.1.7-rc.1(@deepseek-ai/cordis@4.0.4)(@deepseek-ai/dsh-scope@0.1.7-rc.1(@deepseek-ai/cordis@4.0.4)(@deepseek-ai/dsh-invariants@0.1.7-rc.1(@deepseek-ai/cordis@4.0.4))))

  '@deepseek-ai/dsh-sandbox-policy@0.1.7-rc.1(bfd181c61f6315953941d1643b02064f)':
    dependencies:
      '@deepseek-ai/cordis': 4.0.4
      '@deepseek-ai/dsh-agent': 0.1.7-rc.1(3dea5cc656f6f2d6e1d95e557baaef12)
      '@deepseek-ai/dsh-invariants': 0.1.7-rc.1(@deepseek-ai/cordis@4.0.4)
      '@deepseek-ai/dsh-sandbox': 0.1.7-rc.1(@deepseek-ai/cordis@4.0.4)(@deepseek-ai/dsh-llm@0.1.7-rc.1(@deepseek-ai/cordis@4.0.4))(@deepseek-ai/dsh-session@0.1.7-rc.1(@deepseek-ai/cordis@4.0.4)(@deepseek-ai/dsh-scope@0.1.7-rc.1(@deepseek-ai/cordis@4.0.4)(@deepseek-ai/dsh-invariants@0.1.7-rc.1(@deepseek-ai/cordis@4.0.4))))
      '@deepseek-ai/dsh-session': 0.1.7-rc.1(@deepseek-ai/cordis@4.0.4)(@deepseek-ai/dsh-scope@0.1.7-rc.1(@deepseek-ai/cordis@4.0.4)(@deepseek-ai/dsh-invariants@0.1.7-rc.1(@deepseek-ai/cordis@4.0.4)))
      '@deepseek-ai/dsh-session-projection': 0.1.7-rc.1(@deepseek-ai/cordis@4.0.4)(@deepseek-ai/dsh-session@0.1.7-rc.1(@deepseek-ai/cordis@4.0.4)(@deepseek-ai/dsh-scope@0.1.7-rc.1(@deepseek-ai/cordis@4.0.4)(@deepseek-ai/dsh-invariants@0.1.7-rc.1(@deepseek-ai/cordis@4.0.4))))
      '@deepseek-ai/dsh-system-prompt': 0.1.7-rc.1(@deepseek-ai/cordis@4.0.4)(@deepseek-ai/dsh-invariants@0.1.7-rc.1(@deepseek-ai/cordis@4.0.4))(@deepseek-ai/dsh-llm@0.1.7-rc.1(@deepseek-ai/cordis@4.0.4))(@deepseek-ai/dsh-scope@0.1.7-rc.1(@deepseek-ai/cordis@4.0.4)(@deepseek-ai/dsh-invariants@0.1.7-rc.1(@deepseek-ai/cordis@4.0.4)))
      '@deepseek-ai/schemastery': 3.18.4
      zod: 4.6.5

  '@deepseek-ai/dsh-sandbox@0.1.7-rc.1(@deepseek-ai/cordis@4.0.4)(@deepseek-ai/dsh-llm@0.1.7-rc.1(@deepseek-ai/cordis@4.0.4))(@deepseek-ai/dsh-session@0.1.7-rc.1(@deepseek-ai/cordis@4.0.4)(@deepseek-ai/dsh-scope@0.1.7-rc.1(@deepseek-ai/cordis@4.0.4)(@deepseek-ai/dsh-invariants@0.1.7-rc.1(@deepseek-ai/cordis@4.0.4))))':
    dependencies:
      '@deepseek-ai/cordis': 4.0.4
      '@deepseek-ai/dsh-llm': 0.1.7-rc.1(@deepseek-ai/cordis@4.0.4)
      '@deepseek-ai/dsh-session': 0.1.7-rc.1(@deepseek-ai/cordis@4.0.4)(@deepseek-ai/dsh-scope@0.1.7-rc.1(@deepseek-ai/cordis@4.0.4)(@deepseek-ai/dsh-invariants@0.1.7-rc.1(@deepseek-ai/cordis@4.0.4)))
      '@deepseek-ai/dsh-util-values': 0.1.7-rc.1(@deepseek-ai/cordis@4.0.4)

  '@deepseek-ai/dsh-scope@0.1.7-rc.1(@deepseek-ai/cordis@4.0.4)(@deepseek-ai/dsh-invariants@0.1.7-rc.1(@deepseek-ai/cordis@4.0.4))':
    dependencies:
      '@deepseek-ai/cordis': 4.0.4
      '@deepseek-ai/dsh-invariants': 0.1.7-rc.1(@deepseek-ai/cordis@4.0.4)

  '@deepseek-ai/dsh-session-projection@0.1.7-rc.1(@deepseek-ai/cordis@4.0.4)(@deepseek-ai/dsh-session@0.1.7-rc.1(@deepseek-ai/cordis@4.0.4)(@deepseek-ai/dsh-scope@0.1.7-rc.1(@deepseek-ai/cordis@4.0.4)(@deepseek-ai/dsh-invariants@0.1.7-rc.1(@deepseek-ai/cordis@4.0.4))))':
    dependencies:
      '@deepseek-ai/cordis': 4.0.4
      '@deepseek-ai/dsh-session': 0.1.7-rc.1(@deepseek-ai/cordis@4.0.4)(@deepseek-ai/dsh-scope@0.1.7-rc.1(@deepseek-ai/cordis@4.0.4)(@deepseek-ai/dsh-invariants@0.1.7-rc.1(@deepseek-ai/cordis@4.0.4)))
      zod: 4.6.5

  '@deepseek-ai/dsh-session@0.1.7-rc.1(@deepseek-ai/cordis@4.0.4)(@deepseek-ai/dsh-scope@0.1.7-rc.1(@deepseek-ai/cordis@4.0.4)(@deepseek-ai/dsh-invariants@0.1.7-rc.1(@deepseek-ai/cordis@4.0.4)))':
    dependencies:
      '@deepseek-ai/cordis': 4.0.4
      '@deepseek-ai/dsh-brand': 0.1.7-rc.1(@deepseek-ai/cordis@4.0.4)
      '@deepseek-ai/dsh-llm': 0.1.7-rc.1(@deepseek-ai/cordis@4.0.4)
      '@deepseek-ai/dsh-scope': 0.1.7-rc.1(@deepseek-ai/cordis@4.0.4)(@deepseek-ai/dsh-invariants@0.1.7-rc.1(@deepseek-ai/cordis@4.0.4))
      '@deepseek-ai/dsh-util-values': 0.1.7-rc.1(@deepseek-ai/cordis@4.0.4)

  '@deepseek-ai/dsh-system-prompt@0.1.7-rc.1(@deepseek-ai/cordis@4.0.4)(@deepseek-ai/dsh-invariants@0.1.7-rc.1(@deepseek-ai/cordis@4.0.4))(@deepseek-ai/dsh-llm@0.1.7-rc.1(@deepseek-ai/cordis@4.0.4))(@deepseek-ai/dsh-scope@0.1.7-rc.1(@deepseek-ai/cordis@4.0.4)(@deepseek-ai/dsh-invariants@0.1.7-rc.1(@deepseek-ai/cordis@4.0.4)))':
    dependencies:
      '@deepseek-ai/cordis': 4.0.4
      '@deepseek-ai/dsh-invariants': 0.1.7-rc.1(@deepseek-ai/cordis@4.0.4)
      '@deepseek-ai/dsh-llm': 0.1.7-rc.1(@deepseek-ai/cordis@4.0.4)
      '@deepseek-ai/dsh-scope': 0.1.7-rc.1(@deepseek-ai/cordis@4.0.4)(@deepseek-ai/dsh-invariants@0.1.7-rc.1(@deepseek-ai/cordis@4.0.4))
      '@deepseek-ai/schemastery': 3.18.4

  '@deepseek-ai/dsh-timeout@0.1.7-rc.1(@deepseek-ai/cordis@4.0.4)':
    dependencies:
      '@deepseek-ai/cordis': 4.0.4

  '@deepseek-ai/dsh-tools@0.1.7-rc.1(dae9eabdad9902ec5c21f9d0127e5d84)':
    dependencies:
      '@deepseek-ai/cordis': 4.0.4
      '@deepseek-ai/dsh-agent': 0.1.7-rc.1(3dea5cc656f6f2d6e1d95e557baaef12)
      '@deepseek-ai/dsh-brand': 0.1.7-rc.1(@deepseek-ai/cordis@4.0.4)
      '@deepseek-ai/dsh-invariants': 0.1.7-rc.1(@deepseek-ai/cordis@4.0.4)
      '@deepseek-ai/dsh-llm': 0.1.7-rc.1(@deepseek-ai/cordis@4.0.4)
      '@deepseek-ai/dsh-ptc-runtime': 0.1.7-rc.1(@deepseek-ai/cordis@4.0.4)(@deepseek-ai/dsh-sandbox@0.1.7-rc.1(@deepseek-ai/cordis@4.0.4)(@deepseek-ai/dsh-llm@0.1.7-rc.1(@deepseek-ai/cordis@4.0.4))(@deepseek-ai/dsh-session@0.1.7-rc.1(@deepseek-ai/cordis@4.0.4)(@deepseek-ai/dsh-scope@0.1.7-rc.1(@deepseek-ai/cordis@4.0.4)(@deepseek-ai/dsh-invariants@0.1.7-rc.1(@deepseek-ai/cordis@4.0.4)))))
      '@deepseek-ai/dsh-sandbox': 0.1.7-rc.1(@deepseek-ai/cordis@4.0.4)(@deepseek-ai/dsh-llm@0.1.7-rc.1(@deepseek-ai/cordis@4.0.4))(@deepseek-ai/dsh-session@0.1.7-rc.1(@deepseek-ai/cordis@4.0.4)(@deepseek-ai/dsh-scope@0.1.7-rc.1(@deepseek-ai/cordis@4.0.4)(@deepseek-ai/dsh-invariants@0.1.7-rc.1(@deepseek-ai/cordis@4.0.4))))
      '@deepseek-ai/dsh-sandbox-policy': 0.1.7-rc.1(bfd181c61f6315953941d1643b02064f)
      '@deepseek-ai/dsh-scope': 0.1.7-rc.1(@deepseek-ai/cordis@4.0.4)(@deepseek-ai/dsh-invariants@0.1.7-rc.1(@deepseek-ai/cordis@4.0.4))
      '@deepseek-ai/dsh-session': 0.1.7-rc.1(@deepseek-ai/cordis@4.0.4)(@deepseek-ai/dsh-scope@0.1.7-rc.1(@deepseek-ai/cordis@4.0.4)(@deepseek-ai/dsh-invariants@0.1.7-rc.1(@deepseek-ai/cordis@4.0.4)))
      '@deepseek-ai/dsh-system-prompt': 0.1.7-rc.1(@deepseek-ai/cordis@4.0.4)(@deepseek-ai/dsh-invariants@0.1.7-rc.1(@deepseek-ai/cordis@4.0.4))(@deepseek-ai/dsh-llm@0.1.7-rc.1(@deepseek-ai/cordis@4.0.4))(@deepseek-ai/dsh-scope@0.1.7-rc.1(@deepseek-ai/cordis@4.0.4)(@deepseek-ai/dsh-invariants@0.1.7-rc.1(@deepseek-ai/cordis@4.0.4)))
      '@deepseek-ai/dsh-user-approval': 0.1.7-rc.1(@deepseek-ai/cordis@4.0.4)(@deepseek-ai/dsh-agent@0.1.7-rc.1(3dea5cc656f6f2d6e1d95e557baaef12))(@deepseek-ai/dsh-brand@0.1.7-rc.1(@deepseek-ai/cordis@4.0.4))(@deepseek-ai/dsh-invariants@0.1.7-rc.1(@deepseek-ai/cordis@4.0.4))(@deepseek-ai/dsh-llm@0.1.7-rc.1(@deepseek-ai/cordis@4.0.4))(@deepseek-ai/dsh-scope@0.1.7-rc.1(@deepseek-ai/cordis@4.0.4)(@deepseek-ai/dsh-invariants@0.1.7-rc.1(@deepseek-ai/cordis@4.0.4)))(@deepseek-ai/dsh-session@0.1.7-rc.1(@deepseek-ai/cordis@4.0.4)(@deepseek-ai/dsh-scope@0.1.7-rc.1(@deepseek-ai/cordis@4.0.4)(@deepseek-ai/dsh-invariants@0.1.7-rc.1(@deepseek-ai/cordis@4.0.4))))(@deepseek-ai/dsh-system-prompt@0.1.7-rc.1(@deepseek-ai/cordis@4.0.4)(@deepseek-ai/dsh-invariants@0.1.7-rc.1(@deepseek-ai/cordis@4.0.4))(@deepseek-ai/dsh-llm@0.1.7-rc.1(@deepseek-ai/cordis@4.0.4))(@deepseek-ai/dsh-scope@0.1.7-rc.1(@deepseek-ai/cordis@4.0.4)(@deepseek-ai/dsh-invariants@0.1.7-rc.1(@deepseek-ai/cordis@4.0.4))))
      '@deepseek-ai/dsh-util-values': 0.1.7-rc.1(@deepseek-ai/cordis@4.0.4)
      '@deepseek-ai/schemastery': 3.18.4

  '@deepseek-ai/dsh-typert-protocol@0.1.7-rc.1(@deepseek-ai/cordis@4.0.4)':
    dependencies:
      '@deepseek-ai/cordis': 4.0.4
      '@deepseek-ai/dsh-brand': 0.1.7-rc.1(@deepseek-ai/cordis@4.0.4)

  '@deepseek-ai/dsh-user-approval@0.1.7-rc.1(@deepseek-ai/cordis@4.0.4)(@deepseek-ai/dsh-agent@0.1.7-rc.1(3dea5cc656f6f2d6e1d95e557baaef12))(@deepseek-ai/dsh-brand@0.1.7-rc.1(@deepseek-ai/cordis@4.0.4))(@deepseek-ai/dsh-invariants@0.1.7-rc.1(@deepseek-ai/cordis@4.0.4))(@deepseek-ai/dsh-llm@0.1.7-rc.1(@deepseek-ai/cordis@4.0.4))(@deepseek-ai/dsh-scope@0.1.7-rc.1(@deepseek-ai/cordis@4.0.4)(@deepseek-ai/dsh-invariants@0.1.7-rc.1(@deepseek-ai/cordis@4.0.4)))(@deepseek-ai/dsh-session@0.1.7-rc.1(@deepseek-ai/cordis@4.0.4)(@deepseek-ai/dsh-scope@0.1.7-rc.1(@deepseek-ai/cordis@4.0.4)(@deepseek-ai/dsh-invariants@0.1.7-rc.1(@deepseek-ai/cordis@4.0.4))))(@deepseek-ai/dsh-system-prompt@0.1.7-rc.1(@deepseek-ai/cordis@4.0.4)(@deepseek-ai/dsh-invariants@0.1.7-rc.1(@deepseek-ai/cordis@4.0.4))(@deepseek-ai/dsh-llm@0.1.7-rc.1(@deepseek-ai/cordis@4.0.4))(@deepseek-ai/dsh-scope@0.1.7-rc.1(@deepseek-ai/cordis@4.0.4)(@deepseek-ai/dsh-invariants@0.1.7-rc.1(@deepseek-ai/cordis@4.0.4))))':
    dependencies:
      '@deepseek-ai/cordis': 4.0.4
      '@deepseek-ai/dsh-agent': 0.1.7-rc.1(3dea5cc656f6f2d6e1d95e557baaef12)
      '@deepseek-ai/dsh-brand': 0.1.7-rc.1(@deepseek-ai/cordis@4.0.4)
      '@deepseek-ai/dsh-invariants': 0.1.7-rc.1(@deepseek-ai/cordis@4.0.4)
      '@deepseek-ai/dsh-llm': 0.1.7-rc.1(@deepseek-ai/cordis@4.0.4)
      '@deepseek-ai/dsh-scope': 0.1.7-rc.1(@deepseek-ai/cordis@4.0.4)(@deepseek-ai/dsh-invariants@0.1.7-rc.1(@deepseek-ai/cordis@4.0.4))
      '@deepseek-ai/dsh-session': 0.1.7-rc.1(@deepseek-ai/cordis@4.0.4)(@deepseek-ai/dsh-scope@0.1.7-rc.1(@deepseek-ai/cordis@4.0.4)(@deepseek-ai/dsh-invariants@0.1.7-rc.1(@deepseek-ai/cordis@4.0.4)))
      '@deepseek-ai/dsh-system-prompt': 0.1.7-rc.1(@deepseek-ai/cordis@4.0.4)(@deepseek-ai/dsh-invariants@0.1.7-rc.1(@deepseek-ai/cordis@4.0.4))(@deepseek-ai/dsh-llm@0.1.7-rc.1(@deepseek-ai/cordis@4.0.4))(@deepseek-ai/dsh-scope@0.1.7-rc.1(@deepseek-ai/cordis@4.0.4)(@deepseek-ai/dsh-invariants@0.1.7-rc.1(@deepseek-ai/cordis@4.0.4)))
      '@deepseek-ai/schemastery': 3.18.4

  '@deepseek-ai/dsh-util-crypto@0.1.7-rc.1(@deepseek-ai/cordis@4.0.4)':
    dependencies:
      '@deepseek-ai/cordis': 4.0.4

  '@deepseek-ai/dsh-util-values@0.1.7-rc.1(@deepseek-ai/cordis@4.0.4)':
    dependencies:
      '@deepseek-ai/cordis': 4.0.4

  '@deepseek-ai/schemastery@3.18.4':
    dependencies:
      '@deepseek-ai/cosmokit': 1.8.5
      '@standard-schema/spec': 1.1.0

  '@esbuild/aix-ppc64@0.28.2':
    optional: true

  '@esbuild/android-arm64@0.28.2':
    optional: true

  '@esbuild/android-arm@0.28.2':
    optional: true

  '@esbuild/android-x64@0.28.2':
    optional: true

  '@esbuild/darwin-arm64@0.28.2':
    optional: true

  '@esbuild/darwin-x64@0.28.2':
    optional: true

  '@esbuild/freebsd-arm64@0.28.2':
    optional: true

  '@esbuild/freebsd-x64@0.28.2':
    optional: true

  '@esbuild/linux-arm64@0.28.2':
    optional: true

  '@esbuild/linux-arm@0.28.2':
    optional: true

  '@esbuild/linux-ia32@0.28.2':
    optional: true

  '@esbuild/linux-loong64@0.28.2':
    optional: true

  '@esbuild/linux-mips64el@0.28.2':
    optional: true

  '@esbuild/linux-ppc64@0.28.2':
    optional: true

  '@esbuild/linux-riscv64@0.28.2':
    optional: true

  '@esbuild/linux-s390x@0.28.2':
    optional: true

  '@esbuild/linux-x64@0.28.2':
    optional: true

  '@esbuild/netbsd-arm64@0.28.2':
    optional: true

  '@esbuild/netbsd-x64@0.28.2':
    optional: true

  '@esbuild/openbsd-arm64@0.28.2':
    optional: true

  '@esbuild/openbsd-x64@0.28.2':
    optional: true

  '@esbuild/openharmony-arm64@0.28.2':
    optional: true

  '@esbuild/sunos-x64@0.28.2':
    optional: true

  '@esbuild/win32-arm64@0.28.2':
    optional: true

  '@esbuild/win32-ia32@0.28.2':
    optional: true

  '@esbuild/win32-x64@0.28.2':
    optional: true

  '@standard-schema/spec@1.1.0': {}

  '@types/node@24.13.6':
    dependencies:
      undici-types: 7.18.2

  esbuild@0.28.2:
    optionalDependencies:
      '@esbuild/aix-ppc64': 0.28.2
      '@esbuild/android-arm': 0.28.2
      '@esbuild/android-arm64': 0.28.2
      '@esbuild/android-x64': 0.28.2
      '@esbuild/darwin-arm64': 0.28.2
      '@esbuild/darwin-x64': 0.28.2
      '@esbuild/freebsd-arm64': 0.28.2
      '@esbuild/freebsd-x64': 0.28.2
      '@esbuild/linux-arm': 0.28.2
      '@esbuild/linux-arm64': 0.28.2
      '@esbuild/linux-ia32': 0.28.2
      '@esbuild/linux-loong64': 0.28.2
      '@esbuild/linux-mips64el': 0.28.2
      '@esbuild/linux-ppc64': 0.28.2
      '@esbuild/linux-riscv64': 0.28.2
      '@esbuild/linux-s390x': 0.28.2
      '@esbuild/linux-x64': 0.28.2
      '@esbuild/netbsd-arm64': 0.28.2
      '@esbuild/netbsd-x64': 0.28.2
      '@esbuild/openbsd-arm64': 0.28.2
      '@esbuild/openbsd-x64': 0.28.2
      '@esbuild/openharmony-arm64': 0.28.2
      '@esbuild/sunos-x64': 0.28.2
      '@esbuild/win32-arm64': 0.28.2
      '@esbuild/win32-ia32': 0.28.2
      '@esbuild/win32-x64': 0.28.2

  typescript@5.9.3: {}

  undici-types@7.18.2: {}

  zod@4.6.5: {}
